{
  "name": "3",
  "lockfileVersion": 3,
  "requires": true,
  "packages": {
    "": {
      "dependencies": {
        "swiper": "^11.1.8"
      }
    },
    "node_modules/swiper": {
      "version": "11.1.8",
      "resolved": "https://registry.npmjs.org/swiper/-/swiper-11.1.8.tgz",
      "integrity": "sha512-sBFp7fA+IfZ/7BMcg8/JSEqDD1qZXBUyliT76yk3zIYVu2fMwFVAghhAJ9vBM5tJUtHW5qcD0pmeEGQs1EK14w==",
      "funding": [
        {
          "type": "patreon",
          "url": "https://www.patreon.com/swiperjs"
        },
        {
          "type": "open_collective",
          "url": "http://opencollective.com/swiper"
        }
      ],
      "engines": {
        "node": ">= 4.7.0"
      }
    }
  }
}
